{
    "_meta": {
        "hash": {
            "sha256": "f55e76d032c29cb2dac10cbb45517ac71027a6c2815eb32dd8fdcbbe017ee109"
        },
        "pipfile-spec": 6,
        "requires": {},
        "sources": [
            {
                "name": "pypi",
                "url": "https://pypi.org/simple",
                "verify_ssl": true
            }
        ]
    },
    "default": {
        "charset-normalizer": {
            "hashes": [
                "sha256:00d3ffdaafe92a5dc603cb9bd5111aaa36dfa187c8285c543be562e61b755f6b",
                "sha256:024e606be3ed92216e2b6952ed859d86b4cfa52cd5bc5f050e7dc28f9b43ec42",
                "sha256:0298eafff88c99982a4cf66ba2efa1128e4ddaca0b05eec4c456bbc7db691d8d",
                "sha256:02a51034802cbf38db3f89c66fb5d2ec57e6fe7ef2f4a44d070a593c3688667b",
                "sha256:083c8d17153ecb403e5e1eb76a7ef4babfc2c48d58899c98fcaa04833e7a2f9a",
                "sha256:0a11e971ed097d24c534c037d298ad32c6ce81a45736d31e0ff0ad37ab437d59",
                "sha256:0bf2dae5291758b6f84cf923bfaa285632816007db0330002fa1de38bfcb7154",
                "sha256:0c0a590235ccd933d9892c627dec5bc7511ce6ad6c1011fdf5b11363022746c1",
                "sha256:0f438ae3532723fb6ead77e7c604be7c8374094ef4ee2c5e03a3a17f1fca256c",
                "sha256:109487860ef6a328f3eec66f2bf78b0b72400280d8f8ea05f69c51644ba6521a",
                "sha256:11b53acf2411c3b09e6af37e4b9005cba376c872503c8f28218c7243582df45d",
                "sha256:12db3b2c533c23ab812c2b25934f60383361f8a376ae272665f8e48b88e8e1c6",
                "sha256:14e76c0f23218b8f46c4d87018ca2e441535aed3632ca134b10239dfb6dadd6b",
                "sha256:16a8663d6e281208d78806dbe14ee9903715361cf81f6d4309944e4d1e59ac5b",
                "sha256:292d5e8ba896bbfd6334b096e34bffb56161c81408d6d036a7dfa6929cff8783",
                "sha256:2c03cc56021a4bd59be889c2b9257dae13bf55041a3372d3295416f86b295fb5",
                "sha256:2e396d70bc4ef5325b72b593a72c8979999aa52fb8bcf03f701c1b03e1166918",
                "sha256:2edb64ee7bf1ed524a1da60cdcd2e1f6e2b4f66ef7c077680739f1641f62f555",
                "sha256:31a9ddf4718d10ae04d9b18801bd776693487cbb57d74cc3458a7673f6f34639",
                "sha256:356541bf4381fa35856dafa6a965916e54bed415ad8a24ee6de6e37deccf2786",
                "sha256:358a7c4cb8ba9b46c453b1dd8d9e431452d5249072e4f56cfda3149f6ab1405e",
                "sha256:37f8febc8ec50c14f3ec9637505f28e58d4f66752207ea177c1d67df25da5aed",
                "sha256:39049da0ffb96c8cbb65cbf5c5f3ca3168990adf3551bd1dee10c48fce8ae820",
                "sha256:39cf9ed17fe3b1bc81f33c9ceb6ce67683ee7526e65fde1447c772afc54a1bb8",
                "sha256:3ae1de54a77dc0d6d5fcf623290af4266412a7c4be0b1ff7444394f03f5c54e3",
                "sha256:3b590df687e3c5ee0deef9fc8c547d81986d9a1b56073d82de008744452d6541",
                "sha256:3e45867f1f2ab0711d60c6c71746ac53537f1684baa699f4f668d4c6f6ce8e14",
                "sha256:3fc1c4a2ffd64890aebdb3f97e1278b0cc72579a08ca4de8cd2c04799a3a22be",
                "sha256:4457ea6774b5611f4bed5eaa5df55f70abde42364d498c5134b7ef4c6958e20e",
                "sha256:44ba614de5361b3e5278e1241fda3dc1838deed864b50a10d7ce92983797fa76",
                "sha256:4a8fcf28c05c1f6d7e177a9a46a1c52798bfe2ad80681d275b10dcf317deaf0b",
                "sha256:4b0d02d7102dd0f997580b51edc4cebcf2ab6397a7edf89f1c73b586c614272c",
                "sha256:502218f52498a36d6bf5ea77081844017bf7982cdbe521ad85e64cabee1b608b",
                "sha256:503e65837c71b875ecdd733877d852adbc465bd82c768a067badd953bf1bc5a3",
                "sha256:5995f0164fa7df59db4746112fec3f49c461dd6b31b841873443bdb077c13cfc",
                "sha256:59e5686dd847347e55dffcc191a96622f016bc0ad89105e24c14e0d6305acbc6",
                "sha256:601f36512f9e28f029d9481bdaf8e89e5148ac5d89cffd3b05cd533eeb423b59",
                "sha256:608862a7bf6957f2333fc54ab4399e405baad0163dc9f8d99cb236816db169d4",
                "sha256:62595ab75873d50d57323a91dd03e6966eb79c41fa834b7a1661ed043b2d404d",
                "sha256:70990b9c51340e4044cfc394a81f614f3f90d41397104d226f21e66de668730d",
                "sha256:71140351489970dfe5e60fc621ada3e0f41104a5eddaca47a7acb3c1b851d6d3",
                "sha256:72966d1b297c741541ca8cf1223ff262a6febe52481af742036a0b296e35fa5a",
                "sha256:74292fc76c905c0ef095fe11e188a32ebd03bc38f3f3e9bcb85e4e6db177b7ea",
                "sha256:761e8904c07ad053d285670f36dd94e1b6ab7f16ce62b9805c475b7aa1cffde6",
                "sha256:772b87914ff1152b92a197ef4ea40efe27a378606c39446ded52c8f80f79702e",
                "sha256:79909e27e8e4fcc9db4addea88aa63f6423ebb171db091fb4373e3312cb6d603",
                "sha256:7e189e2e1d3ed2f4aebabd2d5b0f931e883676e51c7624826e0a4e5fe8a0bf24",
                "sha256:7eb33a30d75562222b64f569c642ff3dc6689e09adda43a082208397f016c39a",
                "sha256:81d6741ab457d14fdedc215516665050f3822d3e56508921cc7239f8c8e66a58",
                "sha256:8499ca8f4502af841f68135133d8258f7b32a53a1d594aa98cc52013fff55678",
                "sha256:84c3990934bae40ea69a82034912ffe5a62c60bbf6ec5bc9691419641d7d5c9a",
                "sha256:87701167f2a5c930b403e9756fab1d31d4d4da52856143b609e30a1ce7160f3c",
                "sha256:88600c72ef7587fe1708fd242b385b6ed4b8904976d5da0893e31df8b3480cb6",
                "sha256:8ac7b6a045b814cf0c47f3623d21ebd88b3e8cf216a14790b455ea7ff0135d18",
                "sha256:8b8af03d2e37866d023ad0ddea594edefc31e827fee64f8de5611a1dbc373174",
                "sha256:8c7fe7afa480e3e82eed58e0ca89f751cd14d767638e2550c77a92a9e749c317",
                "sha256:8eade758719add78ec36dc13201483f8e9b5d940329285edcd5f70c0a9edbd7f",
                "sha256:911d8a40b2bef5b8bbae2e36a0b103f142ac53557ab421dc16ac4aafee6f53dc",
                "sha256:93ad6d87ac18e2a90b0fe89df7c65263b9a99a0eb98f0a3d2e079f12a0735837",
                "sha256:95dea361dd73757c6f1c0a1480ac499952c16ac83f7f5f4f84f0658a01b8ef41",
                "sha256:9ab77acb98eba3fd2a85cd160851816bfce6871d944d885febf012713f06659c",
                "sha256:9cb3032517f1627cc012dbc80a8ec976ae76d93ea2b5feaa9d2a5b8882597579",
                "sha256:9cf4e8ad252f7c38dd1f676b46514f92dc0ebeb0db5552f5f403509705e24753",
                "sha256:9d9153257a3f70d5f69edf2325357251ed20f772b12e593f3b3377b5f78e7ef8",
                "sha256:a152f5f33d64a6be73f1d30c9cc82dfc73cec6477ec268e7c6e4c7d23c2d2291",
                "sha256:a16418ecf1329f71df119e8a65f3aa68004a3f9383821edcb20f0702934d8087",
                "sha256:a60332922359f920193b1d4826953c507a877b523b2395ad7bc716ddd386d866",
                "sha256:a8d0fc946c784ff7f7c3742310cc8a57c5c6dc31631269876a88b809dbeff3d3",
                "sha256:ab5de034a886f616a5668aa5d098af2b5385ed70142090e2a31bcbd0af0fdb3d",
                "sha256:c22d3fe05ce11d3671297dc8973267daa0f938b93ec716e12e0f6dee81591dc1",
                "sha256:c2ac1b08635a8cd4e0cbeaf6f5e922085908d48eb05d44c5ae9eabab148512ca",
                "sha256:c512accbd6ff0270939b9ac214b84fb5ada5f0409c44298361b2f5e13f9aed9e",
                "sha256:c75ffc45f25324e68ab238cb4b5c0a38cd1c3d7f1fb1f72b5541de469e2247db",
                "sha256:c95a03c79bbe30eec3ec2b7f076074f4281526724c8685a42872974ef4d36b72",
                "sha256:cadaeaba78750d58d3cc6ac4d1fd867da6fc73c88156b7a3212a3cd4819d679d",
                "sha256:cd6056167405314a4dc3c173943f11249fa0f1b204f8b51ed4bde1a9cd1834dc",
                "sha256:db72b07027db150f468fbada4d85b3b2729a3db39178abf5c543b784c1254539",
                "sha256:df2c707231459e8a4028eabcd3cfc827befd635b3ef72eada84ab13b52e1574d",
                "sha256:e62164b50f84e20601c1ff8eb55620d2ad25fb81b59e3cd776a1902527a788af",
                "sha256:e696f0dd336161fca9adbb846875d40752e6eba585843c768935ba5c9960722b",
                "sha256:eaa379fcd227ca235d04152ca6704c7cb55564116f8bc52545ff357628e10602",
                "sha256:ebea339af930f8ca5d7a699b921106c6e29c617fe9606fa7baa043c1cdae326f",
                "sha256:f4c39b0e3eac288fedc2b43055cfc2ca7a60362d0e5e87a637beac5d801ef478",
                "sha256:f5057856d21e7586765171eac8b9fc3f7d44ef39425f85dbcccb13b3ebea806c",
                "sha256:f6f45710b4459401609ebebdbcfb34515da4fc2aa886f95107f556ac69a9147e",
                "sha256:f97e83fa6c25693c7a35de154681fcc257c1c41b38beb0304b9c4d2d9e164479",
                "sha256:f9d0c5c045a3ca9bedfc35dca8526798eb91a07aa7a2c0fee134c6c6f321cbd7",
                "sha256:ff6f3db31555657f3163b15a6b7c6938d08df7adbfc9dd13d9d19edad678f1e8"
            ],
            "index": "pypi",
            "version": "==3.0.1"
        },
        "easyprocess": {
            "hashes": [
                "sha256:82eed523a0a5eb12a81fa4eacd9f342caeb3f900eb4b798740e6696ad07e63f9",
                "sha256:885898302a57aab948973e8b5d32a4229392b9fb2d986ab1d4ffd590e5ba90ec"
            ],
            "markers": "sys_platform != 'win32'",
            "version": "==1.1"
        },
        "fasteners": {
            "hashes": [
                "sha256:1d4caf5f8db57b0e4107d94fd5a1d02510a450dced6ca77d1839064c1bacf20c",
                "sha256:cb7c13ef91e0c7e4fe4af38ecaf6b904ec3f5ce0dda06d34924b6b74b869d953"
            ],
            "index": "pypi",
            "version": "==0.18"
        },
        "patool": {
            "hashes": [
                "sha256:3f642549c9a78f5b8bef1af92df385b521d360520d1f34e4dba3fd1dee2a21bc",
                "sha256:e3180cf8bfe13bedbcf6f5628452fca0c2c84a3b5ae8c2d3f55720ea04cb1097"
            ],
            "markers": "sys_platform != 'win32'",
            "version": "==1.12"
        },
        "pyside2": {
            "hashes": [
                "sha256:235240b6ec8206d9fdf0232472c6ef3241783d480425e5b54796f06e39ed23da",
                "sha256:23886c6391ebd916e835fa1b5ae66938048504fd3a2934ae3189a96cd5ac0b46",
                "sha256:439509e53cfe05abbf9a99422a2cbad086408b0f9bf5e6f642ff1b13b1f8b055",
                "sha256:a9e2e6bbcb5d2ebb421e46e72244a0f4fe0943b2288115f80a863aacc1de1f06",
                "sha256:af6b263fe63ba6dea7eaebae80aa7b291491fe66f4f0057c0aafe780cc83da9d",
                "sha256:b5e1d92f26b0bbaefff67727ccbb2e1b577f2c0164b349b3d6e80febb4c5bde2"
            ],
            "index": "pypi",
            "version": "==5.15.2.1"
        },
        "pyunpack": {
            "hashes": [
                "sha256:8f517cfc71215f37f74cf3a7668028828c68dc76f4d02e7a69f227ce978d51a3",
                "sha256:b9192665c3aa28eaeb2b01198a2f2f985d9a3ecce55f266a657b31cd337d3f12"
            ],
            "markers": "sys_platform != 'win32'",
            "version": "==0.3"
        },
        "shiboken2": {
            "hashes": [
                "sha256:63debfcc531b6a2b4985aa9b71433d2ad3bac542acffc729cc0ecaa3854390c0",
                "sha256:87079c07587859a525b9800d60b1be971338ce9b371d6ead81f15ee5a46d448b",
                "sha256:a0d0fdeb12b72c8af349b9642ccc67afd783dca449309f45e78cda50272fd6b7",
                "sha256:eb0da44b6fa60c6bd317b8f219e500595e94e0322b33ec5b4e9f406bedaee555",
                "sha256:f890f5611ab8f48b88cfecb716da2ac55aef99e2923198cefcf781842888ea65",
                "sha256:ffd3d0ec3d508e592d7ee3885d27fee1f279a49989f734eb130f46d9501273a9"
            ],
            "markers": "python_version >= '2.7' and python_version not in '3.0, 3.1, 3.2, 3.3, 3.4' and python_version < '3.11'",
            "version": "==5.15.2.1"
        },
        "watchdog": {
            "hashes": [
                "sha256:102a60093090fc3ff76c983367b19849b7cc24ec414a43c0333680106e62aae1",
                "sha256:17f1708f7410af92ddf591e94ae71a27a13974559e72f7e9fde3ec174b26ba2e",
                "sha256:195ab1d9d611a4c1e5311cbf42273bc541e18ea8c32712f2fb703cfc6ff006f9",
                "sha256:4cb5ecc332112017fbdb19ede78d92e29a8165c46b68a0b8ccbd0a154f196d5e",
                "sha256:5100eae58133355d3ca6c1083a33b81355c4f452afa474c2633bd2fbbba398b3",
                "sha256:61fdb8e9c57baf625e27e1420e7ca17f7d2023929cd0065eb79c83da1dfbeacd",
                "sha256:6ccd8d84b9490a82b51b230740468116b8205822ea5fdc700a553d92661253a3",
                "sha256:6e01d699cd260d59b84da6bda019dce0a3353e3fcc774408ae767fe88ee096b7",
                "sha256:748ca797ff59962e83cc8e4b233f87113f3cf247c23e6be58b8a2885c7337aa3",
                "sha256:83a7cead445008e880dbde833cb9e5cc7b9a0958edb697a96b936621975f15b9",
                "sha256:8586d98c494690482c963ffb24c49bf9c8c2fe0589cec4dc2f753b78d1ec301d",
                "sha256:8b5cde14e5c72b2df5d074774bdff69e9b55da77e102a91f36ef26ca35f9819c",
                "sha256:8c28c23972ec9c524967895ccb1954bc6f6d4a557d36e681a36e84368660c4ce",
                "sha256:967636031fa4c4955f0f3f22da3c5c418aa65d50908d31b73b3b3ffd66d60640",
                "sha256:96cbeb494e6cbe3ae6aacc430e678ce4b4dd3ae5125035f72b6eb4e5e9eb4f4e",
                "sha256:978a1aed55de0b807913b7482d09943b23a2d634040b112bdf31811a422f6344",
                "sha256:a09483249d25cbdb4c268e020cb861c51baab2d1affd9a6affc68ffe6a231260",
                "sha256:a480d122740debf0afac4ddd583c6c0bb519c24f817b42ed6f850e2f6f9d64a8",
                "sha256:adaf2ece15f3afa33a6b45f76b333a7da9256e1360003032524d61bdb4c422ae",
                "sha256:bc43c1b24d2f86b6e1cc15f68635a959388219426109233e606517ff7d0a5a73",
                "sha256:c27d8c1535fd4474e40a4b5e01f4ba6720bac58e6751c667895cbc5c8a7af33c",
                "sha256:cdcc23c9528601a8a293eb4369cbd14f6b4f34f07ae8769421252e9c22718b6f",
                "sha256:cece1aa596027ff56369f0b50a9de209920e1df9ac6d02c7f9e5d8162eb4f02b",
                "sha256:d0f29fd9f3f149a5277929de33b4f121a04cf84bb494634707cfa8ea8ae106a8",
                "sha256:d6b87477752bd86ac5392ecb9eeed92b416898c30bd40c7e2dd03c3146105646",
                "sha256:e038be858425c4f621900b8ff1a3a1330d9edcfeaa1c0468aeb7e330fb87693e",
                "sha256:e618a4863726bc7a3c64f95c218437f3349fb9d909eb9ea3a1ed3b567417c661",
                "sha256:f8ac23ff2c2df4471a61af6490f847633024e5aa120567e08d07af5718c9d092"
            ],
            "index": "pypi",
            "version": "==2.2.1"
        }
    },
    "develop": {
        "astroid": {
            "hashes": [
                "sha256:86b0a340a512c65abf4368b80252754cda17c02cdbbd3f587dddf98112233e7b",
                "sha256:bb24615c77f4837c707669d16907331374ae8a964650a66999da3f5ca68dc946"
            ],
            "markers": "python_full_version >= '3.6.2'",
            "version": "==2.11.7"
        },
        "autopep8": {
            "hashes": [
                "sha256:be5bc98c33515b67475420b7b1feafc8d32c1a69862498eda4983b45bffd2687",
                "sha256:d27a8929d8dcd21c0f4b3859d2d07c6c25273727b98afc984c039df0f0d86566"
            ],
            "index": "pypi",
            "version": "==2.0.1"
        },
        "colorama": {
            "hashes": [
                "sha256:08695f5cb7ed6e0531a20572697297273c47b8cae5a63ffc6d6ed5c201be6e44",
                "sha256:4f1d9991f5acc0ca119f9d443620b77f9d6b33703e51011c16baf57afb285fc6"
            ],
            "markers": "sys_platform == 'win32'",
            "version": "==0.4.6"
        },
        "cx-freeze": {
            "hashes": [
                "sha256:072af5bb5543882578d586c0d2baaded7da3298673bd5072318b0011111a41b8",
                "sha256:0b6a8f361bae56daa4bf0170bc1eeb368a3515e23773e46b3578af07924633ab",
                "sha256:104c9a7d641e3f21faea8a64805bf24bbb79b599018e93add927372fa88532fd",
                "sha256:159f9fdfc86adc57c6f2a3a522275c195d2021c9890c54c007dccb7cb9db8383",
                "sha256:2220ab28abd29ae25da2f86e79e85b37f30fa81dcb31e8da550cfb312be31b9f",
                "sha256:228c482687b1bd1451bb64dba219fedf10a1fa8f0aa0ada92059a29af1dfcf4f",
                "sha256:2ad47aa57a89f0d86a6a08395c9eadce2780d1104002bf4c733ba7ac760a388c",
                "sha256:2ed10f5d81c2964928b52bb4ec5f4d473177d14b181d248b157a88f364ad2b24",
                "sha256:2eef6954b5152153440dadf6bc29d1233f1c4af9ba1c09f00b48b268af5d9fc5",
                "sha256:358cd51f2978370aebaf00452ec997153cf1dd830513554d186d1d2f591a6c8b",
                "sha256:36d7be0e1b1fe0812c9cc626867989e2fc7cb6fcf4002eb385156d1ca84d4bd6",
                "sha256:3be232b1dfcd498e497c44fa18e74d4a8ce7e877a22d765ddfa89b2b5bbef1db",
                "sha256:3e1a61c4ce43914198ded561ef487fc6963f7d7c662f380814758e6f55b94f7c",
                "sha256:4299bb469c0a94d72313d5b6259c5f9917a4389d400a156eff6269159168d986",
                "sha256:43d99446adae63480e60aeb4c7275e7034a2eb4269c6e8db18e4e917220d0d29",
                "sha256:4caf5258192337e1d0c63376d79cc875a6af17690b676461d09e2ef018f67096",
                "sha256:596fb0ac82199c9d6120f34fdff5331fd6fab4cfbb10ed1605e2149f15ec6748",
                "sha256:6424852ab6b3fa71330bd65d5e86defd73b8811cbc6d9996e54e3e83ce46af16",
                "sha256:6ab810343e921d2bdd6e313c3df8234b276a3838f8f0d1d2ec6c500a47b6a016",
                "sha256:79fa96b39c51d4df912aa6d918f0a19d19b94f38bfff9ea199cdf33e373d7b8b",
                "sha256:80b791e40184f8d3a26a9b8eae81a98778cadf23136f4de27c0b585eb9c5662a",
                "sha256:890fee78b114083fecb82802d5dbbad6b37c3a9396aae1e4c959d213678fbc7d",
                "sha256:8b1d64fad066dca4b70b9cf3e80026f380efc7b44ccea86d0a8991600f412dfd",
                "sha256:8f82f11307bbf1332eb7aa2b91b93ff14519dc88e122134935e95e85f7df9f0d",
                "sha256:918cab0c6a0eec7db285e3bddbafcdb4dbb16ec60c998b4898da4edf4f663670",
                "sha256:a6360a195c3f48d4617bff0bfbf23201d238727e8bec7cf34d4d9ab571877a0d",
                "sha256:a7c77ef922d2f3020409ef7e71d44fb90aa1df62be3a4f1a0210ea4e84fc2037",
                "sha256:a8518162462fec973b9c89bf8d2f34452f74386e00b533ff655994608a8a56c6",
                "sha256:c56c29c95c81149d9265883bf48ff72b2788dccbf651f1443784a059e433c6b4",
                "sha256:c8b0ed69d6e3733171c7bf78cb8544445cc36df7d96a20a40831d067b407a086",
                "sha256:c92cda2706764bc17d8b8162bf6c2df1026891ae3f48e52e067ec3fb227513a9",
                "sha256:e152398c5dbb1030245febb5c10537063c514ea7513e1fe6048a4ee07d678f5c",
                "sha256:ee93c21515a7e13fb55b34eb5e35eb5c904cb74e66771317b61d799028bdd5ad",
                "sha256:fba3fd32c46a0dec08674ad280fc94f1d55f14881396cb205a6a36ec0d69babe",
                "sha256:ffabcc6fde64ea851ccc6c0acda29de5e6ad4c35ca6949b22ba3e89285274ee6"
            ],
            "index": "pypi",
            "version": "==6.12.0"
        },
        "dill": {
            "hashes": [
                "sha256:a07ffd2351b8c678dfc4a856a3005f8067aea51d6ba6c700796a4d9e280f39f0",
                "sha256:e5db55f3687856d8fbdab002ed78544e1c4559a130302693d839dfe8f93f2373"
            ],
            "markers": "python_version >= '3.7'",
            "version": "==0.3.6"
        },
        "isort": {
            "hashes": [
                "sha256:6db30c5ded9815d813932c04c2f85a360bcdd35fed496f4d8f35495ef0a261b6",
                "sha256:c033fd0edb91000a7f09527fe5c75321878f98322a77ddcc81adbd83724afb7b"
            ],
            "markers": "python_full_version >= '3.7.0'",
            "version": "==5.11.4"
        },
        "lazy-object-proxy": {
            "hashes": [
                "sha256:09763491ce220c0299688940f8dc2c5d05fd1f45af1e42e636b2e8b2303e4382",
                "sha256:0a891e4e41b54fd5b8313b96399f8b0e173bbbfc03c7631f01efbe29bb0bcf82",
                "sha256:189bbd5d41ae7a498397287c408617fe5c48633e7755287b21d741f7db2706a9",
                "sha256:18b78ec83edbbeb69efdc0e9c1cb41a3b1b1ed11ddd8ded602464c3fc6020494",
                "sha256:1aa3de4088c89a1b69f8ec0dcc169aa725b0ff017899ac568fe44ddc1396df46",
                "sha256:212774e4dfa851e74d393a2370871e174d7ff0ebc980907723bb67d25c8a7c30",
                "sha256:2d0daa332786cf3bb49e10dc6a17a52f6a8f9601b4cf5c295a4f85854d61de63",
                "sha256:5f83ac4d83ef0ab017683d715ed356e30dd48a93746309c8f3517e1287523ef4",
                "sha256:659fb5809fa4629b8a1ac5106f669cfc7bef26fbb389dda53b3e010d1ac4ebae",
                "sha256:660c94ea760b3ce47d1855a30984c78327500493d396eac4dfd8bd82041b22be",
                "sha256:66a3de4a3ec06cd8af3f61b8e1ec67614fbb7c995d02fa224813cb7afefee701",
                "sha256:721532711daa7db0d8b779b0bb0318fa87af1c10d7fe5e52ef30f8eff254d0cd",
                "sha256:7322c3d6f1766d4ef1e51a465f47955f1e8123caee67dd641e67d539a534d006",
                "sha256:79a31b086e7e68b24b99b23d57723ef7e2c6d81ed21007b6281ebcd1688acb0a",
                "sha256:81fc4d08b062b535d95c9ea70dbe8a335c45c04029878e62d744bdced5141586",
                "sha256:8fa02eaab317b1e9e03f69aab1f91e120e7899b392c4fc19807a8278a07a97e8",
                "sha256:9090d8e53235aa280fc9239a86ae3ea8ac58eff66a705fa6aa2ec4968b95c821",
                "sha256:946d27deaff6cf8452ed0dba83ba38839a87f4f7a9732e8f9fd4107b21e6ff07",
                "sha256:9990d8e71b9f6488e91ad25f322898c136b008d87bf852ff65391b004da5e17b",
                "sha256:9cd077f3d04a58e83d04b20e334f678c2b0ff9879b9375ed107d5d07ff160171",
                "sha256:9e7551208b2aded9c1447453ee366f1c4070602b3d932ace044715d89666899b",
                "sha256:9f5fa4a61ce2438267163891961cfd5e32ec97a2c444e5b842d574251ade27d2",
                "sha256:b40387277b0ed2d0602b8293b94d7257e17d1479e257b4de114ea11a8cb7f2d7",
                "sha256:bfb38f9ffb53b942f2b5954e0f610f1e721ccebe9cce9025a38c8ccf4a5183a4",
                "sha256:cbf9b082426036e19c6924a9ce90c740a9861e2bdc27a4834fd0a910742ac1e8",
                "sha256:d9e25ef10a39e8afe59a5c348a4dbf29b4868ab76269f81ce1674494e2565a6e",
                "sha256:db1c1722726f47e10e0b5fdbf15ac3b8adb58c091d12b3ab713965795036985f",
                "sha256:e7c21c95cae3c05c14aafffe2865bbd5e377cfc1348c4f7751d9dc9a48ca4bda",
                "sha256:e8c6cfb338b133fbdbc5cfaa10fe3c6aeea827db80c978dbd13bc9dd8526b7d4",
                "sha256:ea806fd4c37bf7e7ad82537b0757999264d5f70c45468447bb2b91afdbe73a6e",
                "sha256:edd20c5a55acb67c7ed471fa2b5fb66cb17f61430b7a6b9c3b4a1e40293b1671",
                "sha256:f0117049dd1d5635bbff65444496c90e0baa48ea405125c088e93d9cf4525b11",
                "sha256:f0705c376533ed2a9e5e97aacdbfe04cecd71e0aa84c7c0595d02ef93b6e4455",
                "sha256:f12ad7126ae0c98d601a7ee504c1122bcef553d1d5e0c3bfa77b16b3968d2734",
                "sha256:f2457189d8257dd41ae9b434ba33298aec198e30adf2dcdaaa3a28b9994f6adb",
                "sha256:f699ac1c768270c9e384e4cbd268d6e67aebcfae6cd623b4d7c3bfde5a35db59"
            ],
            "markers": "python_version >= '3.7'",
            "version": "==1.9.0"
        },
        "lief": {
            "hashes": [
                "sha256:04eb6b70d646fb5bd6183575928ee23715550f161f2832cbcd8c6ff2071fb408",
                "sha256:0750b72e3aa161e1fb0e2e7f571121ae05d2428aafd742ff05a7656ad2288447",
                "sha256:176fa6c342dd480195cda34a20f62ac76dfae103b22ca7583b762e0b434ee1f3",
                "sha256:2ce53e311918c3e5b54c815ef420a747208d2a88200c41cd476f3dd1eb876bcf",
                "sha256:3481d7c9fb3d3a1acff53851f40efd1a5a05d354312d367294bc2e310b736826",
                "sha256:3a18fe108fb82a2640864deef933731afe77413b1226551796ef2c373a1b3a2a",
                "sha256:446e53ccf0ebd1616c5d573470662ff71ca6df3cd62ec1764e303764f3f03cca",
                "sha256:4501dc399fb15dc7a3c8df4a76264a86be6d581d99098dafc3a67626149d8ff1",
                "sha256:4a47f410032c63ac3be051d963d0337d6b47f0e94bfe8e946ab4b6c428f4d0f8",
                "sha256:4e5173e1be5ebf43594f4eb187cbcb04758761942bc0a1e685ea1cb9047dc0d9",
                "sha256:54d6a45e01260b9c8bf1c99f58257cff5338aee5c02eacfeee789f9d15cf38c6",
                "sha256:5f224e9a261e88099f86160f121d088d30894c2946e3e551cf11c678daadcf2b",
                "sha256:5fa2b1c8ffe47ee66b2507c2bb4e3fd628965532b7888c0627d10e690b5ef20c",
                "sha256:62e81d2f1a827d43152aed12446a604627e8833493a51dca027026eed0ce7128",
                "sha256:66724f337e6a36cea1a9380f13b59923f276c49ca837becae2e7be93a2e245d9",
                "sha256:6d18aafa2028587c98f6d4387bec94346e92f2b5a8a5002f70b1cf35b1c045cc",
                "sha256:71327fdc764fd2b1f3cd371d8ac5e0b801bde32b71cfcf7dccee506d46768539",
                "sha256:7e2d0a53c403769b04adcf8df92e83c5e25f9103a052aa7f17b0a9cf057735fb",
                "sha256:7f6395c12ee1bc4a5162f567cba96d0c72dfb660e7902e84d4f3029daf14fe33",
                "sha256:8bc58fa26a830df6178e36f112cb2bbdd65deff593f066d2d51434ff78386ba5",
                "sha256:ae773196df814202c0c51056163a1478941b299512b09660a3c37be3c7fac81e",
                "sha256:b00667257b43e93d94166c959055b6147d46d302598f3ee55c194b40414c89cc",
                "sha256:b5c123cb99a7879d754c059e299198b34e7e30e3b64cf22e8962013db0099f47",
                "sha256:c078d6230279ffd3bca717c79664fb8368666f610b577deb24b374607936e9c1",
                "sha256:c73e990cd2737d1060b8c1e8edcc128832806995b69d1d6bf191409e2cea7bde",
                "sha256:c848aadac0816268aeb9dde7cefdb54bf24f78e664a19e97e74c92d3be1bb147",
                "sha256:d320fb80ed5b42b354b8e4f251ab05a51929c162c57c377b5e95ad4b1c1b415d",
                "sha256:d7e35f9ee9dd6e79add3b343f83659b71c05189e5cb224e02a1902ddc7654e96",
                "sha256:dbd11367c2259bd1131a6c8755dcde33314324de5ea029227bfbc7d3755871e6",
                "sha256:e3a6af926532d0aac9e7501946134513d63217bacba666e6f7f5a0b7e15ba236",
                "sha256:e6a1b5b389090d524621c2455795e1262f62dc9381bedd96f0cd72b878c4066d"
            ],
            "markers": "sys_platform == 'win32'",
            "version": "==0.12.3"
        },
        "mccabe": {
            "hashes": [
                "sha256:348e0240c33b60bbdf4e523192ef919f28cb2c3d7d5c7794f74009290f236325",
                "sha256:6c2d30ab6be0e4a46919781807b4f0d834ebdd6c6e3dca0bda5a15f863427b6e"
            ],
            "markers": "python_version >= '3.6'",
            "version": "==0.7.0"
        },
        "mypy": {
            "hashes": [
                "sha256:0714258640194d75677e86c786e80ccf294972cc76885d3ebbb560f11db0003d",
                "sha256:0c8f3be99e8a8bd403caa8c03be619544bc2c77a7093685dcf308c6b109426c6",
                "sha256:0cca5adf694af539aeaa6ac633a7afe9bbd760df9d31be55ab780b77ab5ae8bf",
                "sha256:1c8cd4fb70e8584ca1ed5805cbc7c017a3d1a29fb450621089ffed3e99d1857f",
                "sha256:1f7d1a520373e2272b10796c3ff721ea1a0712288cafaa95931e66aa15798813",
                "sha256:209ee89fbb0deed518605edddd234af80506aec932ad28d73c08f1400ef80a33",
                "sha256:26efb2fcc6b67e4d5a55561f39176821d2adf88f2745ddc72751b7890f3194ad",
                "sha256:37bd02ebf9d10e05b00d71302d2c2e6ca333e6c2a8584a98c00e038db8121f05",
                "sha256:3a700330b567114b673cf8ee7388e949f843b356a73b5ab22dd7cff4742a5297",
                "sha256:3c0165ba8f354a6d9881809ef29f1a9318a236a6d81c690094c5df32107bde06",
                "sha256:3d80e36b7d7a9259b740be6d8d906221789b0d836201af4234093cae89ced0cd",
                "sha256:4175593dc25d9da12f7de8de873a33f9b2b8bdb4e827a7cae952e5b1a342e243",
                "sha256:4307270436fd7694b41f913eb09210faff27ea4979ecbcd849e57d2da2f65305",
                "sha256:5e80e758243b97b618cdf22004beb09e8a2de1af481382e4d84bc52152d1c476",
                "sha256:641411733b127c3e0dab94c45af15fea99e4468f99ac88b39efb1ad677da5711",
                "sha256:652b651d42f155033a1967739788c436491b577b6a44e4c39fb340d0ee7f0d70",
                "sha256:6d7464bac72a85cb3491c7e92b5b62f3dcccb8af26826257760a552a5e244aa5",
                "sha256:74e259b5c19f70d35fcc1ad3d56499065c601dfe94ff67ae48b85596b9ec1461",
                "sha256:7d17e0a9707d0772f4a7b878f04b4fd11f6f5bcb9b3813975a9b13c9332153ab",
                "sha256:901c2c269c616e6cb0998b33d4adbb4a6af0ac4ce5cd078afd7bc95830e62c1c",
                "sha256:98e781cd35c0acf33eb0295e8b9c55cdbef64fcb35f6d3aa2186f289bed6e80d",
                "sha256:a12c56bf73cdab116df96e4ff39610b92a348cc99a1307e1da3c3768bbb5b135",
                "sha256:ac6e503823143464538efda0e8e356d871557ef60ccd38f8824a4257acc18d93",
                "sha256:b8472f736a5bfb159a5e36740847808f6f5b659960115ff29c7cecec1741c648",
                "sha256:b86ce2c1866a748c0f6faca5232059f881cda6dda2a893b9a8373353cfe3715a",
                "sha256:bc9ec663ed6c8f15f4ae9d3c04c989b744436c16d26580eaa760ae9dd5d662eb",
                "sha256:c9166b3f81a10cdf9b49f2d594b21b31adadb3d5e9db9b834866c3258b695be3",
                "sha256:d13674f3fb73805ba0c45eb6c0c3053d218aa1f7abead6e446d474529aafc372",
                "sha256:de32edc9b0a7e67c2775e574cb061a537660e51210fbf6006b0b36ea695ae9bb",
                "sha256:e62ebaad93be3ad1a828a11e90f0e76f15449371ffeecca4a0a0b9adc99abcef"
            ],
            "index": "pypi",
            "version": "==0.991"
        },
        "mypy-extensions": {
            "hashes": [
                "sha256:090fedd75945a69ae91ce1303b5824f428daf5a028d2f6ab8a299250a846f15d",
                "sha256:2d82818f5bb3e369420cb3c4060a7970edba416647068eb4c5343488a6c604a8"
            ],
            "version": "==0.4.3"
        },
        "packaging": {
            "hashes": [
                "sha256:714ac14496c3e68c99c29b00845f7a2b85f3bb6f1078fd9f72fd20f0570002b2",
                "sha256:b6ad297f8907de0fa2fe1ccbd26fdaf387f5f47c7275fedf8cce89f99446cf97"
            ],
            "markers": "python_version >= '3.7'",
            "version": "==23.0"
        },
        "platformdirs": {
            "hashes": [
                "sha256:83c8f6d04389165de7c9b6f0c682439697887bca0aa2f1c87ef1826be3584490",
                "sha256:e1fea1fe471b9ff8332e229df3cb7de4f53eeea4998d3b6bfff542115e998bd2"
            ],
            "markers": "python_version >= '3.7'",
            "version": "==2.6.2"
        },
        "pycodestyle": {
            "hashes": [
                "sha256:347187bdb476329d98f695c213d7295a846d1152ff4fe9bacb8a9590b8ee7053",
                "sha256:8a4eaf0d0495c7395bdab3589ac2db602797d76207242c17d470186815706610"
            ],
            "markers": "python_version >= '3.6'",
            "version": "==2.10.0"
        },
        "pylint": {
            "hashes": [
                "sha256:15bc7b37f2022720765247eec24c49b93dcae6c81418adc3c36621b13d946f6d",
                "sha256:add6bc6380143af0f7a1ab15b5b5f54a8d9d25afc99fc7e2d86fd66f6c3e1ad9"
            ],
            "index": "pypi",
            "version": "==3.0.0a5"
        },
        "setuptools": {
            "hashes": [
                "sha256:4d3c92fac8f1118bb77a22181355e29c239cabfe2b9effdaa665c66b711136d7",
                "sha256:8ab4f1dbf2b4a65f7eec5ad0c620e84c34111a68d3349833494b9088212214dd"
            ],
            "markers": "python_version >= '3.7'",
            "version": "==65.7.0"
        },
        "tomli": {
            "hashes": [
                "sha256:939de3e7a6161af0c887ef91b7d41a53e7c5a1ca976325f429cb46ea9bc30ecc",
                "sha256:de526c12914f0c550d15924c62d72abc48d6fe7364aa87328337a31007fe8a4f"
            ],
            "markers": "python_version < '3.11'",
            "version": "==2.0.1"
        },
        "tomlkit": {
            "hashes": [
                "sha256:07de26b0d8cfc18f871aec595fda24d95b08fef89d147caa861939f37230bf4b",
                "sha256:71b952e5721688937fb02cf9d354dbcf0785066149d2855e44531ebdd2b65d73"
            ],
            "markers": "python_version >= '3.6'",
            "version": "==0.11.6"
        },
        "typing-extensions": {
            "hashes": [
                "sha256:1511434bb92bf8dd198c12b1cc812e800d4181cfcb867674e0f8279cc93087aa",
                "sha256:16fa4864408f655d35ec496218b85f79b3437c829e93320c7c9215ccfd92489e"
            ],
            "markers": "python_version >= '3.7'",
            "version": "==4.4.0"
        },
        "wrapt": {
            "hashes": [
                "sha256:09fbbcfb17be9464c18f3e54457e4907a3913f836a691552ae1c967df4d6e4b4",
                "sha256:0d47527c5c8f9fa6d20fd72e87c39c1cad627f8c7f11b62af05e27ddcd443ba3",
                "sha256:107415c7367bf5489ab7b16f5348216a1a1c4ff8d5ec08612cf6f64321f9ad3c",
                "sha256:123de234ee3f528ae817a4be29f811b9ce25f9f48ed446fbd5adcf68b7abb869",
                "sha256:1b2975c345967fbbff2fa9ffc45c60c30de005e753b6c01135ba4fbb788d3f38",
                "sha256:21c1487e21979ba8a6a1d6e2e2d026bfeb57aebec0e25da2f7960938e99a9e8c",
                "sha256:25be3596f51338a6043c6679870d95eb0636e02bb1e6ccf63da61e8021e533d0",
                "sha256:26bc4fe48eb78cc6a1328b70fe720555b4d31321b060b69fc03a1f8296ee40de",
                "sha256:30201cbcfea303e345b3c83fb7217e34c46c87df897d3a6f9e0cb840cc0f81c9",
                "sha256:32960f2f9e5f53ff8c75ef9704d03114fc14c8f604a75323aa7b907f65bfcb6b",
                "sha256:338dd5c161be7c981f8afb597dac0f5d26e9310d66bbf612209fa29c21a7da33",
                "sha256:3a8981cbf86e0a004160cbd299af99cb251f93a49d58032bd7400b23f40839e5",
                "sha256:3cdfb26e3e9fec79e04af3e37b0576c12ee3cd5aa7ba3f041b92aa323fb7f997",
                "sha256:401a64a7cdfe4d00edcd6a36666e6fba0f61291f6bacf686baf918182f02cf2d",
                "sha256:42a271aac91a2c74ea6a6b869219cff14404e9362de05c4b83f65dfed7e9b12c",
                "sha256:44bd131dab4ed4d6221fa78277b6ccbcfa9b439629ffa930b1d1ddc38a88a224",
                "sha256:45d9589ff8649934c2106d57b85405777e9ce1278eaf0f0fec70f5e037d82c48",
                "sha256:485cdea587ccc1e8d483855e4e26ab4397b6455e2b416c1f8034ac0acd820da8",
                "sha256:49e9cb44795b512097f09d9df29e0d83d5f2a517a00eec47d886c0ded5be4496",
                "sha256:4c08d4c4698e3119408acfa48871ed210a9c40d566b0426eee0b2bd0bc638c0e",
                "sha256:4c74bf0a62faed5e40431fa846f278420d2356fe2a781b5f601946749f9ac914",
                "sha256:5053e18f970b38e2e8cb4f635bba79ef1a22d236795af73017b415e9a9aeba48",
                "sha256:50bfbb843e37e767634102eaf284def65a381061ca762f536c6b5a40e4aed4f4",
                "sha256:515ab064a2163a05a3b6460137dc4c28c091a58853ed4a0b48b100089a29cb55",
                "sha256:57ec643799932381502c3f0db4ef5de25bc10b0adc02b0de5fb2a61f23ca7562",
                "sha256:5951d10d4cac32454c0a65e83330f832db7c4208eee82a69cd7e9be06bbecb70",
                "sha256:59caed62ad5f7ce1a917e758e15bd2f0bfe2fd6817d0cf8c5e1a713203481669",
                "sha256:5ac1a93b98c131aabc145a8712e01ed0241c66cb5940fe69ba34c61d59d8b31a",
                "sha256:5cc4a8d20edb25b395c62e6932e5a1c8afe1aaf45bf2acd876ba683306f9dfa0",
                "sha256:5d972d3a48c199564e0659d62de4a39d123a547dc25eba548e97b42e4733c0a8",
                "sha256:5f3a8c55f27524c0426b07232dbfb7f2e0ba414dcb57ebc66054f0a170a0fc49",
                "sha256:62324e76ea16e5b0339de237edfc1df338442308c599ad3ca02a22e5b3d847db",
                "sha256:654160de93ee85253d426d9390a649bf2b91e3f79560410644664fd284bc2be8",
                "sha256:66938fd0469076f8fb1064b24778756b47d71348e5ca7bde5f3cec303ed90676",
                "sha256:67cad5aae1d0934b02f6a15fa6f181ef83e86d5d8dee2b26873ff57cdd4c0f4f",
                "sha256:698e03c02d501681939f8a4376afb5521ec04dcca9bfdc023cc968e457e50410",
                "sha256:6d03a9c18017976265d07e40236dd09278a387cdf3870487060ecf4f48ea5252",
                "sha256:72d9f2ff2fb3e5c2bfcf891152995b8589c5e735045fbbaae00bd776a6dc9a6b",
                "sha256:73942a75f7d8b78630076075848d303be3d68798f0462073639583616f0f65a0",
                "sha256:77cb6f9eae637b1d19b78738602317f788df1896b79f8d81b829d186ff8154c3",
                "sha256:7963d8049c452e9462e9ea9bc1a20aa31bda4ce667a39b38013e84ae1e6185b0",
                "sha256:79662ce899950115f33f657b1558a83f631b2a2f91d6fcfdd09a6cbe378cbd2f",
                "sha256:798bb2eb07988514ee3d213d8ab35e6677c86215190896970b1c407b84ce791a",
                "sha256:7afabb46692c9dc3053a526915a05ddbc41266082ee505c64fc5aa1fd8ccfdd9",
                "sha256:7bf51f7815f15d6655c67d32ceedc97787e88c41d1c9cfab19c5f54982d09c41",
                "sha256:81cf008c5ef139b63dac5df0035eb597bc0b5818d321219d41da2c1aa2fa8ce3",
                "sha256:88b8bfb2ce44d91789a566cd2be7083e0520208977322bf84ddd215fbee81b58",
                "sha256:8ee0105bca55eb430ef949eadea557915a183810f25f396e91b5587b7aff3348",
                "sha256:8f0a1f9d970d4af52c4b696022268b710e19f446423a59cf1d9c393b98c0d985",
                "sha256:93d95f9007cdcd2ab1c31761840434aff21bc75859110b28dd77a1016fa39202",
                "sha256:94f9d8cd233b0654c3c38b0855e872716a5b358203a42d41275acb09f3526f0a",
                "sha256:99011767b4b383706ac749d52b6e2b1f7335e45a72ba604465aa097cca61da3d",
                "sha256:9c025bbc3b29ca7d56cdbe8dd88e7c90a4caea59af1a236cc17222b114047342",
                "sha256:9da305a413ac7be48dbcc2eda0a6376235a9cd437a3eb106e67cca36f50f9c12",
                "sha256:9f74533bf0490662451e520450111548cd669440bb30f0400abe9e778789f5b9",
                "sha256:a7f4fbef92c3b507232c65b9504c1f23dd5faede097b55ac5ffa599ae775c6e8",
                "sha256:b51f96d1cd7a88baa373bbb39433d09326fd204c8bf95c2f53b81c530df688ef",
                "sha256:b53b375ef6028136856aca7c22126de55343035d60198d32d32a90e156be857a",
                "sha256:b86269bf2657876413a34c84fe205e853aa28ea84d7d044b6a58fd59f6c84e7c",
                "sha256:bb6182ff6760da884274150af7b7dd3b1a71b49e7c2daa1398e48929b453022a",
                "sha256:c47994d3ac60e235614235aef76fae1d41a2f882f5fbd62b6fde92f29d84d785",
                "sha256:c4e87511f8b06cfdf8555701abe64bd2bd0951d1c2a5e66f9ee652ea38edeb5c",
                "sha256:c588d8e582f07ae24133a4e12ff10e09789763a55acc2317760507492d0d482e",
                "sha256:c9239fef921d5503c1b4489861ecabe246f56791c0804b1afb6917ba0f328002",
                "sha256:d46da7b89f9b09c232528b395e9e27be7a73a2b70745eca2e4580f06fe622be4",
                "sha256:d79b8d62443414fd8790e5b3f89365161957b40e1275888f8e9390a778553bb9",
                "sha256:ddf53a1f0184a9d9bd72af31cbd639e48e5affc8cc473246a5fe2f89e7b01741",
                "sha256:e3855ef2ffebca0fb8a1e80bfde292bcb19cdd43c73b94b2b91c874cca1116b9",
                "sha256:e494137d27700a3a3b020c903d511f1f9fc7ecec406991266a023a756e61db2e",
                "sha256:e7e3ba93fdec4e044a98c955641dd4e978513854d4a9425fd19f15143bc6af02",
                "sha256:e8666f3b83285e84a081fc4260fd044f7ef06843691a3fa5e87432152ceeb7c3",
                "sha256:e999014967cf06782702c7308c3e7977035f548217743eba752b2f8e0b576ee9",
                "sha256:f50f3bb2ba9d914830ac351a6fce9fd3a5b8ff28124966941f0ea1a4789339a4",
                "sha256:f6c7af527e9757af49b0de3f9447a61ad3ebc0cedb8e2ecd900265f715944a16",
                "sha256:f6d36e191323cef8143915e0acc708fd222179311daec90a677f06270367fe8b"
            ],
            "markers": "python_version >= '2.7' and python_version not in '3.0, 3.1, 3.2, 3.3, 3.4'",
            "version": "==1.15.0rc1"
        }
    }
}
